// !$*UTF8*$!
{
	archiveVersion = 1;
	classes = {
	};
	objectVersion = 50;
	objects = {

/* Begin PBXBuildFile section */
		18EC8FC223DE2CD300E81F18 /* AppDelegate.swift in Sources */ = {isa = PBXBuildFile; fileRef = 18EC8FC123DE2CD300E81F18 /* AppDelegate.swift */; };
		18EC8FC423DE2CD300E81F18 /* SceneDelegate.swift in Sources */ = {isa = PBXBuildFile; fileRef = 18EC8FC323DE2CD300E81F18 /* SceneDelegate.swift */; };
		18EC8FC623DE2CD300E81F18 /* ViewController.swift in Sources */ = {isa = PBXBuildFile; fileRef = 18EC8FC523DE2CD300E81F18 /* ViewController.swift */; };
		18EC8FC923DE2CD400E81F18 /* Main.storyboard in Resources */ = {isa = PBXBuildFile; fileRef = 18EC8FC723DE2CD400E81F18 /* Main.storyboard */; };
		18EC8FCB23DE2CD400E81F18 /* Assets.xcassets in Resources */ = {isa = PBXBuildFile; fileRef = 18EC8FCA23DE2CD400E81F18 /* Assets.xcassets */; };
		18EC8FCE23DE2CD400E81F18 /* LaunchScreen.storyboard in Resources */ = {isa = PBXBuildFile; fileRef = 18EC8FCC23DE2CD400E81F18 /* LaunchScreen.storyboard */; };
		18EC8FD923DE2CD400E81F18 /* Tip_CalculatorTests.swift in Sources */ = {isa = PBXBuildFile; fileRef = 18EC8FD823DE2CD400E81F18 /* Tip_CalculatorTests.swift */; };
		18EC8FE423DE2CD400E81F18 /* Tip_CalculatorUITests.swift in Sources */ = {isa = PBXBuildFile; fileRef = 18EC8FE323DE2CD400E81F18 /* Tip_CalculatorUITests.swift */; };
/* End PBXBuildFile section */

/* Begin PBXContainerItemProxy section */
		18EC8FD523DE2CD400E81F18 /* PBXContainerItemProxy */ = {
			isa = PBXContainerItemProxy;
			containerPortal = 18EC8FB623DE2CD300E81F18 /* Project object */;
			proxyType = 1;
			remoteGlobalIDString = 18EC8FBD23DE2CD300E81F18;
			remoteInfo = "Tip Calculator";
		};
		18EC8FE023DE2CD400E81F18 /* PBXContainerItemProxy */ = {
			isa = PBXContainerItemProxy;
			containerPortal = 18EC8FB623DE2CD300E81F18 /* Project object */;
			proxyType = 1;
			remoteGlobalIDString = 18EC8FBD23DE2CD300E81F18;
			remoteInfo = "Tip Calculator";
		};
/* End PBXContainerItemProxy section */

/* Begin PBXFileReference section */
		18EC8FBE23DE2CD300E81F18 /* Tip Calculator.app */ = {isa = PBXFileReference; explicitFileType = wrapper.application; includeInIndex = 0; path = "Tip Calculator.app"; sourceTree = BUILT_PRODUCTS_DIR; };
		18EC8FC123DE2CD300E81F18 /* AppDelegate.swift */ = {isa = PBXFileReference; lastKnownFileType = sourcecode.swift; path = AppDelegate.swift; sourceTree = "<group>"; };
		18EC8FC323DE2CD300E81F18 /* SceneDelegate.swift */ = {isa = PBXFileReference; lastKnownFileType = sourcecode.swift; path = SceneDelegate.swift; sourceTree = "<group>"; };
		18EC8FC523DE2CD300E81F18 /* ViewController.swift */ = {isa = PBXFileReference; lastKnownFileType = sourcecode.swift; path = ViewController.swift; sourceTree = "<group>"; };
		18EC8FC823DE2CD400E81F18 /* Base */ = {isa = PBXFileReference; lastKnownFileType = file.storyboard; name = Base; path = Base.lproj/Main.storyboard; sourceTree = "<group>"; };
		18EC8FCA23DE2CD400E81F18 /* Assets.xcassets */ = {isa = PBXFileReference; lastKnownFileType = folder.assetcatalog; path = Assets.xcassets; sourceTree = "<group>"; };
		18EC8FCD23DE2CD400E81F18 /* Base */ = {isa = PBXFileReference; lastKnownFileType = file.storyboard; name = Base; path = Base.lproj/LaunchScreen.storyboard; sourceTree = "<group>"; };
		18EC8FCF23DE2CD400E81F18 /* Info.plist */ = {isa = PBXFileReference; lastKnownFileType = text.plist.xml; path = Info.plist; sourceTree = "<group>"; };
		18EC8FD423DE2CD400E81F18 /* Tip CalculatorTests.xctest */ = {isa = PBXFileReference; explicitFileType = wrapper.cfbundle; includeInIndex = 0; path = "Tip CalculatorTests.xctest"; sourceTree = BUILT_PRODUCTS_DIR; };
		18EC8FD823DE2CD400E81F18 /* Tip_CalculatorTests.swift */ = {isa = PBXFileReference; lastKnownFileType = sourcecode.swift; path = Tip_CalculatorTests.swift; sourceTree = "<group>"; };
		18EC8FDA23DE2CD400E81F18 /* Info.plist */ = {isa = PBXFileReference; lastKnownFileType = text.plist.xml; path = Info.plist; sourceTree = "<group>"; };
		18EC8FDF23DE2CD400E81F18 /* Tip CalculatorUITests.xctest */ = {isa = PBXFileReference; explicitFileType = wrapper.cfbundle; includeInIndex = 0; path = "Tip CalculatorUITests.xctest"; sourceTree = BUILT_PRODUCTS_DIR; };
		18EC8FE323DE2CD400E81F18 /* Tip_CalculatorUITests.swift */ = {isa = PBXFileReference; lastKnownFileType = sourcecode.swift; path = Tip_CalculatorUITests.swift; sourceTree = "<group>"; };
		18EC8FE523DE2CD400E81F18 /* Info.plist */ = {isa = PBXFileReference; lastKnownFileType = text.plist.xml; path = Info.plist; sourceTree = "<group>"; };
/* End PBXFileReference section */

/* Begin PBXFrameworksBuildPhase section */
		18EC8FBB23DE2CD300E81F18 /* Frameworks */ = {
			isa = PBXFrameworksBuildPhase;
			buildActionMask = 2147483647;
			files = (
			);
			runOnlyForDeploymentPostprocessing = 0;
		};
		18EC8FD123DE2CD400E81F18 /* Frameworks */ = {
			isa = PBXFrameworksBuildPhase;
			buildActionMask = 2147483647;
			files = (
			);
			runOnlyForDeploymentPostprocessing = 0;
		};
		18EC8FDC23DE2CD400E81F18 /* Frameworks */ = {
			isa = PBXFrameworksBuildPhase;
			buildActionMask = 2147483647;
			files = (
			);
			runOnlyForDeploymentPostprocessing = 0;
		};
/* End PBXFrameworksBuildPhase section */

/* Begin PBXGroup section */
		18EC8FB523DE2CD300E81F18 = {
			isa = PBXGroup;
			children = (
				18EC8FC023DE2CD300E81F18 /* Tip Calculator */,
				18EC8FD723DE2CD400E81F18 /* Tip CalculatorTests */,
				18EC8FE223DE2CD400E81F18 /* Tip CalculatorUITests */,
				18EC8FBF23DE2CD300E81F18 /* Products */,
			);
			sourceTree = "<group>";
		};
		18EC8FBF23DE2CD300E81F18 /* Products */ = {
			isa = PBXGroup;
			children = (
				18EC8FBE23DE2CD300E81F18 /* Tip Calculator.app */,
				18EC8FD423DE2CD400E81F18 /* Tip CalculatorTests.xctest */,
				18EC8FDF23DE2CD400E81F18 /* Tip CalculatorUITests.xctest */,
			);
			name = Products;
			sourceTree = "<group>";
		};
		18EC8FC023DE2CD300E81F18 /* Tip Calculator */ = {
			isa = PBXGroup;
			children = (
				18EC8FC123DE2CD300E81F18 /* AppDelegate.swift */,
				18EC8FC323DE2CD300E81F18 /* SceneDelegate.swift */,
				18EC8FC523DE2CD300E81F18 /* ViewController.swift */,
				18EC8FC723DE2CD400E81F18 /* Main.storyboard */,
				18EC8FCA23DE2CD400E81F18 /* Assets.xcassets */,
				18EC8FCC23DE2CD400E81F18 /* LaunchScreen.storyboard */,
				18EC8FCF23DE2CD400E81F18 /* Info.plist */,
			);
			path = "Tip Calculator";
			sourceTree = "<group>";
		};
		18EC8FD723DE2CD400E81F18 /* Tip CalculatorTests */ = {
			isa = PBXGroup;
			children = (
				18EC8FD823DE2CD400E81F18 /* Tip_CalculatorTests.swift */,
				18EC8FDA23DE2CD400E81F18 /* Info.plist */,
			);
			path = "Tip CalculatorTests";
			sourceTree = "<group>";
		};
		18EC8FE223DE2CD400E81F18 /* Tip CalculatorUITests */ = {
			isa = PBXGroup;
			children = (
				18EC8FE323DE2CD400E81F18 /* Tip_CalculatorUITests.swift */,
				18EC8FE523DE2CD400E81F18 /* Info.plist */,
			);
			path = "Tip CalculatorUITests";
			sourceTree = "<group>";
		};
/* End PBXGroup section */

/* Begin PBXNativeTarget section */
		18EC8FBD23DE2CD300E81F18 /* Tip Calculator */ = {
			isa = PBXNativeTarget;
			buildConfigurationList = 18EC8FE823DE2CD400E81F18 /* Build configuration list for PBXNativeTarget "Tip Calculator" */;
			buildPhases = (
				18EC8FBA23DE2CD300E81F18 /* Sources */,
				18EC8FBB23DE2CD300E81F18 /* Frameworks */,
				18EC8FBC23DE2CD300E81F18 /* Resources */,
			);
			buildRules = (
			);
			dependencies = (
			);
			name = "Tip Calculator";
			productName = "Tip Calculator";
			productReference = 18EC8FBE23DE2CD300E81F18 /* Tip Calculator.app */;
			productType = "com.apple.product-type.application";
		};
		18EC8FD323DE2CD400E81F18 /* Tip CalculatorTests */ = {
			isa = PBXNativeTarget;
			buildConfigurationList = 18EC8FEB23DE2CD400E81F18 /* Build configuration list for PBXNativeTarget "Tip CalculatorTests" */;
			buildPhases = (
				18EC8FD023DE2CD400E81F18 /* Sources */,
				18EC8FD123DE2CD400E81F18 /* Frameworks */,
				18EC8FD223DE2CD400E81F18 /* Resources */,
			);
			buildRules = (
			);
			dependencies = (
				18EC8FD623DE2CD400E81F18 /* PBXTargetDependency */,
			);
			name = "Tip CalculatorTests";
			productName = "Tip CalculatorTests";
			productReference = 18EC8FD423DE2CD400E81F18 /* Tip CalculatorTests.xctest */;
			productType = "com.apple.product-type.bundle.unit-test";
		};
		18EC8FDE23DE2CD400E81F18 /* Tip CalculatorUITests */ = {
			isa = PBXNativeTarget;
			buildConfigurationList = 18EC8FEE23DE2CD400E81F18 /* Build configuration list for PBXNativeTarget "Tip CalculatorUITests" */;
			buildPhases = (
				18EC8FDB23DE2CD400E81F18 /* Sources */,
				18EC8FDC23DE2CD400E81F18 /* Frameworks */,
				18EC8FDD23DE2CD400E81F18 /* Resources */,
			);
			buildRules = (
			);
			dependencies = (
				18EC8FE123DE2CD400E81F18 /* PBXTargetDependency */,
			);
			name = "Tip CalculatorUITests";
			productName = "Tip CalculatorUITests";
			productReference = 18EC8FDF23DE2CD400E81F18 /* Tip CalculatorUITests.xctest */;
			productType = "com.apple.product-type.bundle.ui-testing";
		};
/* End PBXNativeTarget section */

/* Begin PBXProject section */
		18EC8FB623DE2CD300E81F18 /* Project object */ = {
			isa = PBXProject;
			attributes = {
				LastSwiftUpdateCheck = 1130;
				LastUpgradeCheck = 1130;
				ORGANIZATIONNAME = "Kharee MacElree";
				TargetAttributes = {
					18EC8FBD23DE2CD300E81F18 = {
						CreatedOnToolsVersion = 11.3.1;
					};
					18EC8FD323DE2CD400E81F18 = {
						CreatedOnToolsVersion = 11.3.1;
						TestTargetID = 18EC8FBD23DE2CD300E81F18;
					};
					18EC8FDE23DE2CD400E81F18 = {
						CreatedOnToolsVersion = 11.3.1;
						TestTargetID = 18EC8FBD23DE2CD300E81F18;
					};
				};
			};
			buildConfigurationList = 18EC8FB923DE2CD300E81F18 /* Build configuration list for PBXProject "Tip Calculator" */;
			compatibilityVersion = "Xcode 9.3";
			developmentRegion = en;
			hasScannedForEncodings = 0;
			knownRegions = (
				en,
				Base,
			);
			mainGroup = 18EC8FB523DE2CD300E81F18;
			productRefGroup = 18EC8FBF23DE2CD300E81F18 /* Products */;
			projectDirPath = "";
			projectRoot = "";
			targets = (
				18EC8FBD23DE2CD300E81F18 /* Tip Calculator */,
				18EC8FD323DE2CD400E81F18 /* Tip CalculatorTests */,
				18EC8FDE23DE2CD400E81F18 /* Tip CalculatorUITests */,
			);
		};
/* End PBXProject section */

/* Begin PBXResourcesBuildPhase section */
		18EC8FBC23DE2CD300E81F18 /* Resources */ = {
			isa = PBXResourcesBuildPhase;
			buildActionMask = 2147483647;
			files = (
				18EC8FCE23DE2CD400E81F18 /* LaunchScreen.storyboard in Resources */,
				18EC8FCB23DE2CD400E81F18 /* Assets.xcassets in Resources */,
				18EC8FC923DE2CD400E81F18 /* Main.storyboard in Resources */,
			);
			runOnlyForDeploymentPostprocessing = 0;
		};
		18EC8FD223DE2CD400E81F18 /* Resources */ = {
			isa = PBXResourcesBuildPhase;
			buildActionMask = 2147483647;
			files = (
			);
			runOnlyForDeploymentPostprocessing = 0;
		};
		18EC8FDD23DE2CD400E81F18 /* Resources */ = {
			isa = PBXResourcesBuildPhase;
			buildActionMask = 2147483647;
			files = (
			);
			runOnlyForDeploymentPostprocessing = 0;
		};
/* End PBXResourcesBuildPhase section */

/* Begin PBXSourcesBuildPhase section */
		18EC8FBA23DE2CD300E81F18 /* Sources */ = {
			isa = PBXSourcesBuildPhase;
			buildActionMask = 2147483647;
			files = (
				18EC8FC623DE2CD300E81F18 /* ViewController.swift in Sources */,
				18EC8FC223DE2CD300E81F18 /* AppDelegate.swift in Sources */,
				18EC8FC423DE2CD300E81F18 /* SceneDelegate.swift in Sources */,
			);
			runOnlyForDeploymentPostprocessing = 0;
		};
		18EC8FD023DE2CD400E81F18 /* Sources */ = {
			isa = PBXSourcesBuildPhase;
			buildActionMask = 2147483647;
			files = (
				18EC8FD923DE2CD400E81F18 /* Tip_CalculatorTests.swift in Sources */,
			);
			runOnlyForDeploymentPostprocessing = 0;
		};
		18EC8FDB23DE2CD400E81F18 /* Sources */ = {
			isa = PBXSourcesBuildPhase;
			buildActionMask = 2147483647;
			files = (
				18EC8FE423DE2CD400E81F18 /* Tip_CalculatorUITests.swift in Sources */,
			);
			runOnlyForDeploymentPostprocessing = 0;
		};
/* End PBXSourcesBuildPhase section */

/* Begin PBXTargetDependency section */
		18EC8FD623DE2CD400E81F18 /* PBXTargetDependency */ = {
			isa = PBXTargetDependency;
			target = 18EC8FBD23DE2CD300E81F18 /* Tip Calculator */;
			targetProxy = 18EC8FD523DE2CD400E81F18 /* PBXContainerItemProxy */;
		};
		18EC8FE123DE2CD400E81F18 /* PBXTargetDependency */ = {
			isa = PBXTargetDependency;
			target = 18EC8FBD23DE2CD300E81F18 /* Tip Calculator */;
			targetProxy = 18EC8FE023DE2CD400E81F18 /* PBXContainerItemProxy */;
		};
/* End PBXTargetDependency section */

/* Begin PBXVariantGroup section */
		18EC8FC723DE2CD400E81F18 /* Main.storyboard */ = {
			isa = PBXVariantGroup;
			children = (
				18EC8FC823DE2CD400E81F18 /* Base */,
			);
			name = Main.storyboard;
			sourceTree = "<group>";
		};
		18EC8FCC23DE2CD400E81F18 /* LaunchScreen.storyboard */ = {
			isa = PBXVariantGroup;
			children = (
				18EC8FCD23DE2CD400E81F18 /* Base */,
			);
			name = LaunchScreen.storyboard;
			sourceTree = "<group>";
		};
/* End PBXVariantGroup section */

/* Begin XCBuildConfiguration section */
		18EC8FE623DE2CD400E81F18 /* Debug */ = {
			isa = XCBuildConfiguration;
			buildSettings = {
				ALWAYS_SEARCH_USER_PATHS = NO;
				CLANG_ANALYZER_NONNULL = YES;
				CLANG_ANALYZER_NUMBER_OBJECT_CONVERSION = YES_AGGRESSIVE;
				CLANG_CXX_LANGUAGE_STANDARD = "gnu++14";
				CLANG_CXX_LIBRARY = "libc++";
				CLANG_ENABLE_MODULES = YES;
				CLANG_ENABLE_OBJC_ARC = YES;
				CLANG_ENABLE_OBJC_WEAK = YES;
				CLANG_WARN_BLOCK_CAPTURE_AUTORELEASING = YES;
				CLANG_WARN_BOOL_CONVERSION = YES;
				CLANG_WARN_COMMA = YES;
				CLANG_WARN_CONSTANT_CONVERSION = YES;
				CLANG_WARN_DEPRECATED_OBJC_IMPLEMENTATIONS = YES;
				CLANG_WARN_DIRECT_OBJC_ISA_USAGE = YES_ERROR;
				CLANG_WARN_DOCUMENTATION_COMMENTS = YES;
				CLANG_WARN_EMPTY_BODY = YES;
				CLANG_WARN_ENUM_CONVERSION = YES;
				CLANG_WARN_INFINITE_RECURSION = YES;
				CLANG_WARN_INT_CONVERSION = YES;
				CLANG_WARN_NON_LITERAL_NULL_CONVERSION = YES;
				CLANG_WARN_OBJC_IMPLICIT_RETAIN_SELF = YES;
				CLANG_WARN_OBJC_LITERAL_CONVERSION = YES;
				CLANG_WARN_OBJC_ROOT_CLASS = YES_ERROR;
				CLANG_WARN_RANGE_LOOP_ANALYSIS = YES;
				CLANG_WARN_STRICT_PROTOTYPES = YES;
				CLANG_WARN_SUSPICIOUS_MOVE = YES;
				CLANG_WARN_UNGUARDED_AVAILABILITY = YES_AGGRESSIVE;
				CLANG_WARN_UNREACHABLE_CODE = YES;
				CLANG_WARN__DUPLICATE_METHOD_MATCH = YES;
				COPY_PHASE_STRIP = NO;
				DEBUG_INFORMATION_FORMAT = dwarf;
				ENABLE_STRICT_OBJC_MSGSEND = YES;
				ENABLE_TESTABILITY = YES;
				GCC_C_LANGUAGE_STANDARD = gnu11;
				GCC_DYNAMIC_NO_PIC = NO;
				GCC_NO_COMMON_BLOCKS = YES;
				GCC_OPTIMIZATION_LEVEL = 0;
				GCC_PREPROCESSOR_DEFINITIONS = (
					"DEBUG=1",
					"$(inherited)",
				);
				GCC_WARN_64_TO_32_BIT_CONVERSION = YES;
				GCC_WARN_ABOUT_RETURN_TYPE = YES_ERROR;
				GCC_WARN_UNDECLARED_SELECTOR = YES;
				GCC_WARN_UNINITIALIZED_AUTOS = YES_AGGRESSIVE;
				GCC_WARN_UNUSED_FUNCTION = YES;
				GCC_WARN_UNUSED_VARIABLE = YES;
				IPHONEOS_DEPLOYMENT_TARGET = 13.2;
				MTL_ENABLE_DEBUG_INFO = INCLUDE_SOURCE;
				MTL_FAST_MATH = YES;
				ONLY_ACTIVE_ARCH = YES;
				SDKROOT = iphoneos;
				SWIFT_ACTIVE_COMPILATION_CONDITIONS = DEBUG;
				SWIFT_OPTIMIZATION_LEVEL = "-Onone";
			};
			name = Debug;
		};
		18EC8FE723DE2CD400E81F18 /* Release */ = {
			isa = XCBuildConfiguration;
			buildSettings = {
				ALWAYS_SEARCH_USER_PATHS = NO;
				CLANG_ANALYZER_NONNULL = YES;
				CLANG_ANALYZER_NUMBER_OBJECT_CONVERSION = YES_AGGRESSIVE;
				CLANG_CXX_LANGUAGE_STANDARD = "gnu++14";
				CLANG_CXX_LIBRARY = "libc++";
				CLANG_ENABLE_MODULES = YES;
				CLANG_ENABLE_OBJC_ARC = YES;
				CLANG_ENABLE_OBJC_WEAK = YES;
				CLANG_WARN_BLOCK_CAPTURE_AUTORELEASING = YES;
				CLANG_WARN_BOOL_CONVERSION = YES;
				CLANG_WARN_COMMA = YES;
				CLANG_WARN_CONSTANT_CONVERSION = YES;
				CLANG_WARN_DEPRECATED_OBJC_IMPLEMENTATIONS = YES;
				CLANG_WARN_DIRECT_OBJC_ISA_USAGE = YES_ERROR;
				CLANG_WARN_DOCUMENTATION_COMMENTS = YES;
				CLANG_WARN_EMPTY_BODY = YES;
				CLANG_WARN_ENUM_CONVERSION = YES;
				CLANG_WARN_INFINITE_RECURSION = YES;
				CLANG_WARN_INT_CONVERSION = YES;
				CLANG_WARN_NON_LITERAL_NULL_CONVERSION = YES;
				CLANG_WARN_OBJC_IMPLICIT_RETAIN_SELF = YES;
				CLANG_WARN_OBJC_LITERAL_CONVERSION = YES;
				CLANG_WARN_OBJC_ROOT_CLASS = YES_ERROR;
				CLANG_WARN_RANGE_LOOP_ANALYSIS = YES;
				CLANG_WARN_STRICT_PROTOTYPES = YES;
				CLANG_WARN_SUSPICIOUS_MOVE = YES;
				CLANG_WARN_UNGUARDED_AVAILABILITY = YES_AGGRESSIVE;
				CLANG_WARN_UNREACHABLE_CODE = YES;
				CLANG_WARN__DUPLICATE_METHOD_MATCH = YES;
				COPY_PHASE_STRIP = NO;
				DEBUG_INFORMATION_FORMAT = "dwarf-with-dsym";
				ENABLE_NS_ASSERTIONS = NO;
				ENABLE_STRICT_OBJC_MSGSEND = YES;
				GCC_C_LANGUAGE_STANDARD = gnu11;
				GCC_NO_COMMON_BLOCKS = YES;
				GCC_WARN_64_TO_32_BIT_CONVERSION = YES;
				GCC_WARN_ABOUT_RETURN_TYPE = YES_ERROR;
				GCC_WARN_UNDECLARED_SELECTOR = YES;
				GCC_WARN_UNINITIALIZED_AUTOS = YES_AGGRESSIVE;
				GCC_WARN_UNUSED_FUNCTION = YES;
				GCC_WARN_UNUSED_VARIABLE = YES;
				IPHONEOS_DEPLOYMENT_TARGET = 13.2;
				MTL_ENABLE_DEBUG_INFO = NO;
				MTL_FAST_MATH = YES;
				SDKROOT = iphoneos;
				SWIFT_COMPILATION_MODE = wholemodule;
				SWIFT_OPTIMIZATION_LEVEL = "-O";
				VALIDATE_PRODUCT = YES;
			};
			name = Release;
		};
		18EC8FE923DE2CD400E81F18 /* Debug */ = {
			isa = XCBuildConfiguration;
			buildSettings = {
				ASSETCATALOG_COMPILER_APPICON_NAME = AppIcon;
				CODE_SIGN_STYLE = Automatic;
				INFOPLIST_FILE = "Tip Calculator/Info.plist";
				LD_RUNPATH_SEARCH_PATHS = (
					"$(inherited)",
					"@executable_path/Frameworks",
				);
				PRODUCT_BUNDLE_IDENTIFIER = "kharee.Tip-Calculator";
				PRODUCT_NAME = "$(TARGET_NAME)";
				SWIFT_VERSION = 5.0;
				TARGETED_DEVICE_FAMILY = "1,2";
			};
			name = Debug;
		};
		18EC8FEA23DE2CD400E81F18 /* Release */ = {
			isa = XCBuildConfiguration;
			buildSettings = {
				ASSETCATALOG_COMPILER_APPICON_NAME = AppIcon;
				CODE_SIGN_STYLE = Automatic;
				INFOPLIST_FILE = "Tip Calculator/Info.plist";
				LD_RUNPATH_SEARCH_PATHS = (
					"$(inherited)",
					"@executable_path/Frameworks",
				);
				PRODUCT_BUNDLE_IDENTIFIER = "kharee.Tip-Calculator";
				PRODUCT_NAME = "$(TARGET_NAME)";
				SWIFT_VERSION = 5.0;
				TARGETED_DEVICE_FAMILY = "1,2";
			};
			name = Release;
		};
		18EC8FEC23DE2CD400E81F18 /* Debug */ = {
			isa = XCBuildConfiguration;
			buildSettings = {
				ALWAYS_EMBED_SWIFT_STANDARD_LIBRARIES = YES;
				BUNDLE_LOADER = "$(TEST_HOST)";
				CODE_SIGN_STYLE = Automatic;
				INFOPLIST_FILE = "Tip CalculatorTests/Info.plist";
				IPHONEOS_DEPLOYMENT_TARGET = 13.2;
				LD_RUNPATH_SEARCH_PATHS = (
					"$(inherited)",
					"@executable_path/Frameworks",
					"@loader_path/Frameworks",
				);
				PRODUCT_BUNDLE_IDENTIFIER = "kharee.Tip-CalculatorTests";
				PRODUCT_NAME = "$(TARGET_NAME)";
				SWIFT_VERSION = 5.0;
				TARGETED_DEVICE_FAMILY = "1,2";
				TEST_HOST = "$(BUILT_PRODUCTS_DIR)/Tip Calculator.app/Tip Calculator";
			};
			name = Debug;
		};
		18EC8FED23DE2CD400E81F18 /* Release */ = {
			isa = XCBuildConfiguration;
			buildSettings = {
				ALWAYS_EMBED_SWIFT_STANDARD_LIBRARIES = YES;
				BUNDLE_LOADER = "$(TEST_HOST)";
				CODE_SIGN_STYLE = Automatic;
				INFOPLIST_FILE = "Tip CalculatorTests/Info.plist";
				IPHONEOS_DEPLOYMENT_TARGET = 13.2;
				LD_RUNPATH_SEARCH_PATHS = (
					"$(inherited)",
					"@executable_path/Frameworks",
					"@loader_path/Frameworks",
				);
				PRODUCT_BUNDLE_IDENTIFIER = "kharee.Tip-CalculatorTests";
				PRODUCT_NAME = "$(TARGET_NAME)";
				SWIFT_VERSION = 5.0;
				TARGETED_DEVICE_FAMILY = "1,2";
				TEST_HOST = "$(BUILT_PRODUCTS_DIR)/Tip Calculator.app/Tip Calculator";
			};
			name = Release;
		};
		18EC8FEF23DE2CD400E81F18 /* Debug */ = {
			isa = XCBuildConfiguration;
			buildSettings = {
				ALWAYS_EMBED_SWIFT_STANDARD_LIBRARIES = YES;
				CODE_SIGN_STYLE = Automatic;
				INFOPLIST_FILE = "Tip CalculatorUITests/Info.plist";
				LD_RUNPATH_SEARCH_PATHS = (
					"$(inherited)",
					"@executable_path/Frameworks",
					"@loader_path/Frameworks",
				);
				PRODUCT_BUNDLE_IDENTIFIER = "kharee.Tip-CalculatorUITests";
				PRODUCT_NAME = "$(TARGET_NAME)";
				SWIFT_VERSION = 5.0;
				TARGETED_DEVICE_FAMILY = "1,2";
				TEST_TARGET_NAME = "Tip Calculator";
			};
			name = Debug;
		};
		18EC8FF023DE2CD400E81F18 /* Release */ = {
			isa = XCBuildConfiguration;
			buildSettings = {
				ALWAYS_EMBED_SWIFT_STANDARD_LIBRARIES = YES;
				CODE_SIGN_STYLE = Automatic;
				INFOPLIST_FILE = "Tip CalculatorUITests/Info.plist";
				LD_RUNPATH_SEARCH_PATHS = (
					"$(inherited)",
					"@executable_path/Frameworks",
					"@loader_path/Frameworks",
				);
				PRODUCT_BUNDLE_IDENTIFIER = "kharee.Tip-CalculatorUITests";
				PRODUCT_NAME = "$(TARGET_NAME)";
				SWIFT_VERSION = 5.0;
				TARGETED_DEVICE_FAMILY = "1,2";
				TEST_TARGET_NAME = "Tip Calculator";
			};
			name = Release;
		};
/* End XCBuildConfiguration section */

/* Begin XCConfigurationList section */
		18EC8FB923DE2CD300E81F18 /* Build configuration list for PBXProject "Tip Calculator" */ = {
			isa = XCConfigurationList;
			buildConfigurations = (
				18EC8FE623DE2CD400E81F18 /* Debug */,
				18EC8FE723DE2CD400E81F18 /* Release */,
			);
			defaultConfigurationIsVisible = 0;
			defaultConfigurationName = Release;
		};
		18EC8FE823DE2CD400E81F18 /* Build configuration list for PBXNativeTarget "Tip Calculator" */ = {
			isa = XCConfigurationList;
			buildConfigurations = (
				18EC8FE923DE2CD400E81F18 /* Debug */,
				18EC8FEA23DE2CD400E81F18 /* Release */,
			);
			defaultConfigurationIsVisible = 0;
			defaultConfigurationName = Release;
		};
		18EC8FEB23DE2CD400E81F18 /* Build configuration list for PBXNativeTarget "Tip CalculatorTests" */ = {
			isa = XCConfigurationList;
			buildConfigurations = (
				18EC8FEC23DE2CD400E81F18 /* Debug */,
				18EC8FED23DE2CD400E81F18 /* Release */,
			);
			defaultConfigurationIsVisible = 0;
			defaultConfigurationName = Release;
		};
		18EC8FEE23DE2CD400E81F18 /* Build configuration list for PBXNativeTarget "Tip CalculatorUITests" */ = {
			isa = XCConfigurationList;
			buildConfigurations = (
				18EC8FEF23DE2CD400E81F18 /* Debug */,
				18EC8FF023DE2CD400E81F18 /* Release */,
			);
			defaultConfigurationIsVisible = 0;
			defaultConfigurationName = Release;
		};
/* End XCConfigurationList section */
	};
	rootObject = 18EC8FB623DE2CD300E81F18 /* Project object */;
}
